
Microsoft Visual Studio Solution File, Format Version 12.00
# Visual Studio 15
VisualStudioVersion = 15.0.27703.2000
MinimumVisualStudioVersion = 10.0.40219.1
Project("{FAE04EC0-301F-11D3-BF4B-00C04F79EFBC}") = "TcpClient", "TcpClient\TcpClient.csproj", "{3D868ACB-C269-4728-81BA-9CC3E21EF822}"
EndProject
Project("{FAE04EC0-301F-11D3-BF4B-00C04F79EFBC}") = "TcpServer", "TcpServer\TcpServer.csproj", "{30CCFB2A-1970-441A-9E5B-684EFCAD67A8}"
EndProject
Global
	GlobalSection(SolutionConfigurationPlatforms) = preSolution
		Debug|Any CPU = Debug|Any CPU
		Release|Any CPU = Release|Any CPU
	EndGlobalSection
	GlobalSection(ProjectConfigurationPlatforms) = postSolution
		{3D868ACB-C269-4728-81BA-9CC3E21EF822}.Debug|Any CPU.ActiveCfg = Debug|Any CPU
		{3D868ACB-C269-4728-81BA-9CC3E21EF822}.Debug|Any CPU.Build.0 = Debug|Any CPU
		{3D868ACB-C269-4728-81BA-9CC3E21EF822}.Release|Any CPU.ActiveCfg = Release|Any CPU
		{3D868ACB-C269-4728-81BA-9CC3E21EF822}.Release|Any CPU.Build.0 = Release|Any CPU
		{30CCFB2A-1970-441A-9E5B-684EFCAD67A8}.Debug|Any CPU.ActiveCfg = Debug|Any CPU
		{30CCFB2A-1970-441A-9E5B-684EFCAD67A8}.Debug|Any CPU.Build.0 = Debug|Any CPU
		{30CCFB2A-1970-441A-9E5B-684EFCAD67A8}.Release|Any CPU.ActiveCfg = Release|Any CPU
		{30CCFB2A-1970-441A-9E5B-684EFCAD67A8}.Release|Any CPU.Build.0 = Release|Any CPU
	EndGlobalSection
	GlobalSection(SolutionProperties) = preSolution
		HideSolutionNode = FALSE
	EndGlobalSection
	GlobalSection(ExtensibilityGlobals) = postSolution
		SolutionGuid = {40A2CBCE-049A-44C2-A335-2B20D477E818}
	EndGlobalSection
EndGlobal
